
Microsoft Visual Studio Solution File, Format Version 12.00
# Visual Studio Version 17
VisualStudioVersion = 17.4.33103.184
MinimumVisualStudioVersion = 10.0.40219.1
Project("{9A19103F-16F7-4668-BE54-9A1E7A4F7556}") = "PlasticisingTile.API", "PlasticisingTile.API\PlasticisingTile.API.csproj", "{315655EA-B61C-461B-98F1-287815B04885}"
EndProject
Project("{2150E333-8FDC-42A3-9474-1A3956D46DE8}") = "Solution Items", "Solution Items", "{53BA5782-4336-4390-8196-A8396B5CB6B8}"
	ProjectSection(SolutionItems) = preProject
		.editorconfig = .editorconfig
	EndProjectSection
EndProject
Project("{9A19103F-16F7-4668-BE54-9A1E7A4F7556}") = "PlasticisingTile.Core", "PlasticisingTile.Core\PlasticisingTile.Core.csproj", "{340542F4-FB39-4B96-B4DF-44B5D55F4A35}"
EndProject
Project("{9A19103F-16F7-4668-BE54-9A1E7A4F7556}") = "PlasticisingTile.Infrastructure", "PlasticisingTile.Infrastructure\PlasticisingTile.Infrastructure.csproj", "{8C70C426-9108-4475-BC74-502C2EB3E4D0}"
EndProject
Project("{E53339B2-1760-4266-BCC7-CA923CBCF16C}") = "docker-compose", "docker-compose.dcproj", "{398B9F3A-065F-4681-A3D1-C78DF14F21FB}"
EndProject
Project("{54A90642-561A-4BB1-A94E-469ADEE60C69}") = "plasticising-tile-webapp", "plasticising-tile-webapp\plasticising-tile-webapp.esproj", "{7B2C7067-70F4-4221-A06E-4A558A7FEFA0}"
EndProject
Global
	GlobalSection(SolutionConfigurationPlatforms) = preSolution
		Debug|Any CPU = Debug|Any CPU
		Release|Any CPU = Release|Any CPU
	EndGlobalSection
	GlobalSection(ProjectConfigurationPlatforms) = postSolution
		{315655EA-B61C-461B-98F1-287815B04885}.Debug|Any CPU.ActiveCfg = Debug|Any CPU
		{315655EA-B61C-461B-98F1-287815B04885}.Debug|Any CPU.Build.0 = Debug|Any CPU
		{315655EA-B61C-461B-98F1-287815B04885}.Release|Any CPU.ActiveCfg = Release|Any CPU
		{315655EA-B61C-461B-98F1-287815B04885}.Release|Any CPU.Build.0 = Release|Any CPU
		{340542F4-FB39-4B96-B4DF-44B5D55F4A35}.Debug|Any CPU.ActiveCfg = Debug|Any CPU
		{340542F4-FB39-4B96-B4DF-44B5D55F4A35}.Debug|Any CPU.Build.0 = Debug|Any CPU
		{340542F4-FB39-4B96-B4DF-44B5D55F4A35}.Release|Any CPU.ActiveCfg = Release|Any CPU
		{340542F4-FB39-4B96-B4DF-44B5D55F4A35}.Release|Any CPU.Build.0 = Release|Any CPU
		{8C70C426-9108-4475-BC74-502C2EB3E4D0}.Debug|Any CPU.ActiveCfg = Debug|Any CPU
		{8C70C426-9108-4475-BC74-502C2EB3E4D0}.Debug|Any CPU.Build.0 = Debug|Any CPU
		{8C70C426-9108-4475-BC74-502C2EB3E4D0}.Release|Any CPU.ActiveCfg = Release|Any CPU
		{8C70C426-9108-4475-BC74-502C2EB3E4D0}.Release|Any CPU.Build.0 = Release|Any CPU
		{398B9F3A-065F-4681-A3D1-C78DF14F21FB}.Debug|Any CPU.ActiveCfg = Debug|Any CPU
		{398B9F3A-065F-4681-A3D1-C78DF14F21FB}.Debug|Any CPU.Build.0 = Debug|Any CPU
		{398B9F3A-065F-4681-A3D1-C78DF14F21FB}.Release|Any CPU.ActiveCfg = Release|Any CPU
		{398B9F3A-065F-4681-A3D1-C78DF14F21FB}.Release|Any CPU.Build.0 = Release|Any CPU
		{7B2C7067-70F4-4221-A06E-4A558A7FEFA0}.Debug|Any CPU.ActiveCfg = Debug|Any CPU
		{7B2C7067-70F4-4221-A06E-4A558A7FEFA0}.Debug|Any CPU.Build.0 = Debug|Any CPU
		{7B2C7067-70F4-4221-A06E-4A558A7FEFA0}.Debug|Any CPU.Deploy.0 = Debug|Any CPU
		{7B2C7067-70F4-4221-A06E-4A558A7FEFA0}.Release|Any CPU.ActiveCfg = Release|Any CPU
		{7B2C7067-70F4-4221-A06E-4A558A7FEFA0}.Release|Any CPU.Build.0 = Release|Any CPU
		{7B2C7067-70F4-4221-A06E-4A558A7FEFA0}.Release|Any CPU.Deploy.0 = Release|Any CPU
	EndGlobalSection
	GlobalSection(SolutionProperties) = preSolution
		HideSolutionNode = FALSE
	EndGlobalSection
	GlobalSection(ExtensibilityGlobals) = postSolution
		SolutionGuid = {483EE4CC-77CC-427E-BAC1-7B3AFE78BC80}
	EndGlobalSection
EndGlobal
